<?xml version="1.0" encoding="utf-8"?>
<Project ToolsVersion="4.0" xmlns="http://schemas.microsoft.com/developer/msbuild/2003">
  <ItemGroup>
    <Filter Include="리소스 파일">
      <UniqueIdentifier>{67DA6AB6-F800-4c08-8B7A-83BB121AAD01}</UniqueIdentifier>
      <Extensions>rc;ico;cur;bmp;dlg;rc2;rct;bin;rgs;gif;jpg;jpeg;jpe;resx;tiff;tif;png;wav;mfcribbon-ms</Extensions>
    </Filter>
    <Filter Include="Engine">
      <UniqueIdentifier>{de82bbb8-88a4-488d-a506-0c5ecaff988b}</UniqueIdentifier>
    </Filter>
    <Filter Include="Custom">
      <UniqueIdentifier>{efac6a51-c3c9-4a78-99b2-bc4cf3794b12}</UniqueIdentifier>
    </Filter>
    <Filter Include="Engine\Actor">
      <UniqueIdentifier>{12422e25-c250-4071-9076-0abfbf18a3fd}</UniqueIdentifier>
    </Filter>
    <Filter Include="Engine\Core">
      <UniqueIdentifier>{2f82d21a-6b04-41d9-87ac-567c8a911885}</UniqueIdentifier>
    </Filter>
    <Filter Include="Engine\Frame">
      <UniqueIdentifier>{62367bff-9349-43ee-be18-0ddc8f00e271}</UniqueIdentifier>
    </Filter>
    <Filter Include="Common">
      <UniqueIdentifier>{cf675068-e0d8-49e8-b428-516685aa2acd}</UniqueIdentifier>
    </Filter>
    <Filter Include="Engine\Execption">
      <UniqueIdentifier>{2dd38202-81fa-409c-9434-3039929a7f97}</UniqueIdentifier>
    </Filter>
  </ItemGroup>
  <ItemGroup>
    <Text Include="ReadMe.txt" />
    <Text Include="MATH todo.txt" />
  </ItemGroup>
  <ItemGroup>
    <ClInclude Include="targetver.h">
      <Filter>Engine</Filter>
    </ClInclude>
    <ClInclude Include="Resource.h">
      <Filter>Engine</Filter>
    </ClInclude>
    <ClInclude Include="Actor.h">
      <Filter>Engine\Actor</Filter>
    </ClInclude>
    <ClInclude Include="Object.h">
      <Filter>Engine\Actor</Filter>
    </ClInclude>
    <ClInclude Include="B_VM.h">
      <Filter>Engine\Core</Filter>
    </ClInclude>
    <ClInclude Include="World.h">
      <Filter>Engine\Core</Filter>
    </ClInclude>
    <ClInclude Include="Common\Camera.h">
      <Filter>Common</Filter>
    </ClInclude>
    <ClInclude Include="Common\d3dApp.h">
      <Filter>Common</Filter>
    </ClInclude>
    <ClInclude Include="Common\d3dUtil.h">
      <Filter>Common</Filter>
    </ClInclude>
    <ClInclude Include="Common\d3dx11effect.h">
      <Filter>Common</Filter>
    </ClInclude>
    <ClInclude Include="Common\GameTimer.h">
      <Filter>Common</Filter>
    </ClInclude>
    <ClInclude Include="Common\GeometryGenerator.h">
      <Filter>Common</Filter>
    </ClInclude>
    <ClInclude Include="Common\LightHelper.h">
      <Filter>Common</Filter>
    </ClInclude>
    <ClInclude Include="Common\MathHelper.h">
      <Filter>Common</Filter>
    </ClInclude>
    <ClInclude Include="Common\TextureMgr.h">
      <Filter>Common</Filter>
    </ClInclude>
    <ClInclude Include="Common\Waves.h">
      <Filter>Common</Filter>
    </ClInclude>
    <ClInclude Include="Common\xnacollision.h">
      <Filter>Common</Filter>
    </ClInclude>
    <ClInclude Include="SE_Exception.h">
      <Filter>Engine\Execption</Filter>
    </ClInclude>
  </ItemGroup>
  <ItemGroup>
    <ClCompile Include="Actor.cpp">
      <Filter>Engine\Actor</Filter>
    </ClCompile>
    <ClCompile Include="Object.cpp">
      <Filter>Engine\Actor</Filter>
    </ClCompile>
    <ClCompile Include="B_VM.cpp">
      <Filter>Engine\Core</Filter>
    </ClCompile>
    <ClCompile Include="World.cpp">
      <Filter>Engine\Core</Filter>
    </ClCompile>
    <ClCompile Include="Common\Camera.cpp">
      <Filter>Common</Filter>
    </ClCompile>
    <ClCompile Include="Common\d3dApp.cpp">
      <Filter>Common</Filter>
    </ClCompile>
    <ClCompile Include="Common\d3dUtil.cpp">
      <Filter>Common</Filter>
    </ClCompile>
    <ClCompile Include="Common\GameTimer.cpp">
      <Filter>Common</Filter>
    </ClCompile>
    <ClCompile Include="Common\GeometryGenerator.cpp">
      <Filter>Common</Filter>
    </ClCompile>
    <ClCompile Include="Common\LightHelper.cpp">
      <Filter>Common</Filter>
    </ClCompile>
    <ClCompile Include="Common\MathHelper.cpp">
      <Filter>Common</Filter>
    </ClCompile>
    <ClCompile Include="Common\TextureMgr.cpp">
      <Filter>Common</Filter>
    </ClCompile>
    <ClCompile Include="Common\Waves.cpp">
      <Filter>Common</Filter>
    </ClCompile>
    <ClCompile Include="Common\xnacollision.cpp">
      <Filter>Common</Filter>
    </ClCompile>
    <ClCompile Include="mproc.cpp">
      <Filter>Engine\Core</Filter>
    </ClCompile>
    <ClCompile Include="common.txt">
      <Filter>Common</Filter>
    </ClCompile>
    <ClCompile Include="SE_Exception.cpp">
      <Filter>Engine\Execption</Filter>
    </ClCompile>
  </ItemGroup>
  <ItemGroup>
    <ResourceCompile Include="DirectX11.rc">
      <Filter>리소스 파일</Filter>
    </ResourceCompile>
  </ItemGroup>
  <ItemGroup>
    <Image Include="small.ico">
      <Filter>리소스 파일</Filter>
    </Image>
    <Image Include="DirectX11.ico">
      <Filter>리소스 파일</Filter>
    </Image>
  </ItemGroup>
</Project>